
Microsoft Visual Studio Solution File, Format Version 12.00
# Visual Studio Version 17
VisualStudioVersion = 17.14.36414.22 d17.14
MinimumVisualStudioVersion = 10.0.40219.1
Project("{FAE04EC0-301F-11D3-BF4B-00C04F79EFBC}") = "ToDo.APIs", "ToDoAPIs\ToDo.APIs.csproj", "{3DF974F9-F742-4BF9-8118-246B7113AE06}"
EndProject
Project("{FAE04EC0-301F-11D3-BF4B-00C04F79EFBC}") = "ToDo.Core", "ToDo.Core\ToDo.Core.csproj", "{4A89BDF0-4FFB-486E-A3F0-9AA57450F38A}"
EndProject
Project("{FAE04EC0-301F-11D3-BF4B-00C04F79EFBC}") = "ToDo.Infrastructure", "ToDo.Infrastructure\ToDo.Infrastructure.csproj", "{81B1032F-4017-4471-AA1C-CEF206D9C3C8}"
EndProject
Global
	GlobalSection(SolutionConfigurationPlatforms) = preSolution
		Debug|Any CPU = Debug|Any CPU
		Release|Any CPU = Release|Any CPU
	EndGlobalSection
	GlobalSection(ProjectConfigurationPlatforms) = postSolution
		{3DF974F9-F742-4BF9-8118-246B7113AE06}.Debug|Any CPU.ActiveCfg = Debug|Any CPU
		{3DF974F9-F742-4BF9-8118-246B7113AE06}.Debug|Any CPU.Build.0 = Debug|Any CPU
		{3DF974F9-F742-4BF9-8118-246B7113AE06}.Release|Any CPU.ActiveCfg = Release|Any CPU
		{3DF974F9-F742-4BF9-8118-246B7113AE06}.Release|Any CPU.Build.0 = Release|Any CPU
		{4A89BDF0-4FFB-486E-A3F0-9AA57450F38A}.Debug|Any CPU.ActiveCfg = Debug|Any CPU
		{4A89BDF0-4FFB-486E-A3F0-9AA57450F38A}.Debug|Any CPU.Build.0 = Debug|Any CPU
		{4A89BDF0-4FFB-486E-A3F0-9AA57450F38A}.Release|Any CPU.ActiveCfg = Release|Any CPU
		{4A89BDF0-4FFB-486E-A3F0-9AA57450F38A}.Release|Any CPU.Build.0 = Release|Any CPU
		{81B1032F-4017-4471-AA1C-CEF206D9C3C8}.Debug|Any CPU.ActiveCfg = Debug|Any CPU
		{81B1032F-4017-4471-AA1C-CEF206D9C3C8}.Debug|Any CPU.Build.0 = Debug|Any CPU
		{81B1032F-4017-4471-AA1C-CEF206D9C3C8}.Release|Any CPU.ActiveCfg = Release|Any CPU
		{81B1032F-4017-4471-AA1C-CEF206D9C3C8}.Release|Any CPU.Build.0 = Release|Any CPU
	EndGlobalSection
	GlobalSection(SolutionProperties) = preSolution
		HideSolutionNode = FALSE
	EndGlobalSection
	GlobalSection(ExtensibilityGlobals) = postSolution
		SolutionGuid = {B444B417-E284-408F-9D70-C6B8B52D95E4}
	EndGlobalSection
EndGlobal
